%{"cowboy": {:hex, :cowboy, "1.0.4", "a324a8df9f2316c833a470d918aaf73ae894278b8aa6226ce7a9bf699388f878", [:make, :rebar], [{:cowlib, "~> 1.0.0", [hex: :cowlib, repo: "hexpm", optional: false]}, {:ranch, "~> 1.0", [hex: :ranch, repo: "hexpm", optional: false]}], "hexpm"},
  "cowboyku": {:git, "https://github.com/heroku/cowboyku.git", "60de3bca9909b59305cc69ea39b2c4e2a7e12c06", [tag: "1.0.3"]},
  "cowlib": {:git, "https://github.com/ninenines/cowlib.git", "d544a494af4dbc810fc9c15eaf5cc050cced1501", [tag: "1.0.0"]},
  "distillery": {:hex, :distillery, "1.5.2", "eec18b2d37b55b0bcb670cf2bcf64228ed38ce8b046bb30a9b636a6f5a4c0080", [], [], "hexpm"},
  "erequest_id": {:git, "https://github.com/heroku/erequest_id.git", "6fae0c878f2dde809482915c8b207dc80882f7b3", [tag: "0.2.2"]},
  "midjan": {:git, "https://github.com/heroku/midjan.git", "1499e99509a07d5d3a0fbfd412cac40c64ebce0d", [tag: "1.0.0"]},
  "mime": {:hex, :mime, "1.1.0", "01c1d6f4083d8aa5c7b8c246ade95139620ef8effb009edde934e0ec3b28090a", [:mix], [], "hexpm"},
  "mix_docker": {:hex, :mix_docker, "0.5.0", "c7ad34008c43d4a949d69721f39c4d2a2afc509c179926a683117ea8dff8af59", [], [{:distillery, "~> 1.2", [hex: :distillery, repo: "hexpm", optional: false]}], "hexpm"},
  "plug": {:hex, :plug, "1.3.5", "7503bfcd7091df2a9761ef8cecea666d1f2cc454cbbaf0afa0b6e259203b7031", [:mix], [{:cowboy, "~> 1.0.1 or ~> 1.1", [hex: :cowboy, repo: "hexpm", optional: true]}, {:mime, "~> 1.0", [hex: :mime, repo: "hexpm", optional: false]}], "hexpm"},
  "poison": {:hex, :poison, "3.1.0", "d9eb636610e096f86f25d9a46f35a9facac35609a7591b3be3326e99a0484665", [:mix], [], "hexpm"},
  "quickrand": {:hex, :quickrand, "1.5.4", "47add4755cc5f209cbeffd6f47c84061196cd7fad99fd8fd12418eb0d06b939d", [:rebar], [], "hexpm"},
  "ranch": {:git, "https://github.com/ninenines/ranch.git", "55c2a9d623454f372a15e99721a37093d8773b48", [tag: "1.4.0"]},
  "ranch_proxy_protocol": {:git, "https://github.com/heroku/ranch_proxy_protocol.git", "0129227305a5b41f0875b337ac75f02f613f81c1", [tag: "1.3.2"]},
  "recon": {:hex, :recon, "2.3.2", "4444c879be323b1b133eec5241cb84bd3821ea194c740d75617e106be4744318", [:rebar3], [], "hexpm"},
  "uuid": {:git, "https://github.com/okeuday/uuid.git", "4b705b22f5d095970558d904e43c4354bd0e0a7f", [tag: "v1.5.1.1"]},
  "vegur": {:git, "https://github.com/heroku/vegur.git", "a2799234e1ae08beba22234ef0d106c94ddcdfa3", []}}
