{"1.1.0",
[{<<"cowboy">>,{pkg,<<"cowboy">>,<<"1.1.2">>},0},
 {<<"cowboyku">>,
  {git,"https://github.com/heroku/cowboyku.git",
       {ref,"60de3bca9909b59305cc69ea39b2c4e2a7e12c06"}},
  1},
 {<<"cowlib">>,
  {git,"https://github.com/ninenines/cowlib.git",
       {ref,"d544a494af4dbc810fc9c15eaf5cc050cced1501"}},
  0},
 {<<"erequest_id">>,
  {git,"https://github.com/heroku/erequest_id.git",
       {ref,"6fae0c878f2dde809482915c8b207dc80882f7b3"}},
  1},
 {<<"midjan">>,
  {git,"https://github.com/heroku/midjan.git",
       {ref,"1499e99509a07d5d3a0fbfd412cac40c64ebce0d"}},
  1},
 {<<"quickrand">>,
  {git,"https://github.com/okeuday/quickrand.git",
       {ref,"b03969a8de2ee4f4d9821aa04f9ff06666be6501"}},
  2},
 {<<"ranch">>,{pkg,<<"ranch">>,<<"1.3.2">>},1},
 {<<"ranch_proxy_protocol">>,
  {git,"https://github.com/heroku/ranch_proxy_protocol.git",
       {ref,"0129227305a5b41f0875b337ac75f02f613f81c1"}},
  1},
 {<<"recon">>,{pkg,<<"recon">>,<<"2.3.2">>},0},
 {<<"uuid">>,
  {git,"https://github.com/okeuday/uuid.git",
       {ref,"4b705b22f5d095970558d904e43c4354bd0e0a7f"}},
  1},
 {<<"vegur">>,
  {git,"https://github.com/heroku/vegur",
       {ref,"a2799234e1ae08beba22234ef0d106c94ddcdfa3"}},
  0}]}.
[
{pkg_hash,[
 {<<"cowboy">>, <<"61AC29EA970389A88ECA5A65601460162D370A70018AFE6F949A29DCA91F3BB0">>},
 {<<"ranch">>, <<"E4965A144DC9FBE70E5C077C65E73C57165416A901BD02EA899CFD95AA890986">>},
 {<<"recon">>, <<"4444C879BE323B1B133EEC5241CB84BD3821EA194C740D75617E106BE4744318">>}]}
].
